version: 2.0
shards:
  crystaledge:
    git: https://github.com/unn4m3d/crystaledge.git
    version: 0.2.6

  pixelfaucet:
    git: https://github.com/sleepinginsomniac/pixelfaucet.git
    version: 0.0.1

  sdl:
    git: https://github.com/ysbaddaden/sdl.cr.git
    version: 0.1.0+git.commit.0ded44711246feb3aa3ba28fea249c9b03be061b

